
Microsoft Visual Studio Solution File, Format Version 12.00
# Visual Studio Version 16
VisualStudioVersion = 16.0.31624.102
MinimumVisualStudioVersion = 10.0.40219.1
Project("{9A19103F-16F7-4668-BE54-9A1E7A4F7556}") = "CryptoTradingSystem.General", "CryptoTradingSystem.General\CryptoTradingSystem.General.csproj", "{AD8EDACD-6F4C-41DA-80DC-C680AF6C29A4}"
EndProject
Global
	GlobalSection(SolutionConfigurationPlatforms) = preSolution
		Debug|Any CPU = Debug|Any CPU
		Release|Any CPU = Release|Any CPU
	EndGlobalSection
	GlobalSection(ProjectConfigurationPlatforms) = postSolution
		{AD8EDACD-6F4C-41DA-80DC-C680AF6C29A4}.Debug|Any CPU.ActiveCfg = Debug|Any CPU
		{AD8EDACD-6F4C-41DA-80DC-C680AF6C29A4}.Debug|Any CPU.Build.0 = Debug|Any CPU
		{AD8EDACD-6F4C-41DA-80DC-C680AF6C29A4}.Release|Any CPU.ActiveCfg = Release|Any CPU
		{AD8EDACD-6F4C-41DA-80DC-C680AF6C29A4}.Release|Any CPU.Build.0 = Release|Any CPU
	EndGlobalSection
	GlobalSection(SolutionProperties) = preSolution
		HideSolutionNode = FALSE
	EndGlobalSection
	GlobalSection(ExtensibilityGlobals) = postSolution
		SolutionGuid = {90A0FB8F-BB4E-4874-A78A-059734E8547D}
	EndGlobalSection
EndGlobal
